
Microsoft Visual Studio Solution File, Format Version 12.00
# Visual Studio Version 17
VisualStudioVersion = 17.11.35208.52
MinimumVisualStudioVersion = 10.0.40219.1
Project("{FAE04EC0-301F-11D3-BF4B-00C04F79EFBC}") = "Todo.Domain.Api", "TodoApi\Todo.Domain.Api.csproj", "{14412A37-EB82-408B-BD02-039313BA9092}"
EndProject
Project("{FAE04EC0-301F-11D3-BF4B-00C04F79EFBC}") = "Todo.Domain", "Todo.Domain\Todo.Domain.csproj", "{9E76A1B7-80BC-41DA-A6FA-8D3D7AE43F1A}"
EndProject
Project("{FAE04EC0-301F-11D3-BF4B-00C04F79EFBC}") = "Todo.Domain.Infra", "Todo.Domain.Infra\Todo.Domain.Infra.csproj", "{A6D2A3A7-DBA0-4D95-B20D-A6B87ED62AA0}"
EndProject
Project("{FAE04EC0-301F-11D3-BF4B-00C04F79EFBC}") = "Todo.Domain.Testes", "Todo.Domain.Testes\Todo.Domain.Testes.csproj", "{78844F40-1F22-4C31-8CB7-F33BCD403BD1}"
EndProject
Global
	GlobalSection(SolutionConfigurationPlatforms) = preSolution
		Debug|Any CPU = Debug|Any CPU
		Release|Any CPU = Release|Any CPU
	EndGlobalSection
	GlobalSection(ProjectConfigurationPlatforms) = postSolution
		{14412A37-EB82-408B-BD02-039313BA9092}.Debug|Any CPU.ActiveCfg = Debug|Any CPU
		{14412A37-EB82-408B-BD02-039313BA9092}.Debug|Any CPU.Build.0 = Debug|Any CPU
		{14412A37-EB82-408B-BD02-039313BA9092}.Release|Any CPU.ActiveCfg = Release|Any CPU
		{14412A37-EB82-408B-BD02-039313BA9092}.Release|Any CPU.Build.0 = Release|Any CPU
		{9E76A1B7-80BC-41DA-A6FA-8D3D7AE43F1A}.Debug|Any CPU.ActiveCfg = Debug|Any CPU
		{9E76A1B7-80BC-41DA-A6FA-8D3D7AE43F1A}.Debug|Any CPU.Build.0 = Debug|Any CPU
		{9E76A1B7-80BC-41DA-A6FA-8D3D7AE43F1A}.Release|Any CPU.ActiveCfg = Release|Any CPU
		{9E76A1B7-80BC-41DA-A6FA-8D3D7AE43F1A}.Release|Any CPU.Build.0 = Release|Any CPU
		{A6D2A3A7-DBA0-4D95-B20D-A6B87ED62AA0}.Debug|Any CPU.ActiveCfg = Debug|Any CPU
		{A6D2A3A7-DBA0-4D95-B20D-A6B87ED62AA0}.Debug|Any CPU.Build.0 = Debug|Any CPU
		{A6D2A3A7-DBA0-4D95-B20D-A6B87ED62AA0}.Release|Any CPU.ActiveCfg = Release|Any CPU
		{A6D2A3A7-DBA0-4D95-B20D-A6B87ED62AA0}.Release|Any CPU.Build.0 = Release|Any CPU
		{78844F40-1F22-4C31-8CB7-F33BCD403BD1}.Debug|Any CPU.ActiveCfg = Debug|Any CPU
		{78844F40-1F22-4C31-8CB7-F33BCD403BD1}.Debug|Any CPU.Build.0 = Debug|Any CPU
		{78844F40-1F22-4C31-8CB7-F33BCD403BD1}.Release|Any CPU.ActiveCfg = Release|Any CPU
		{78844F40-1F22-4C31-8CB7-F33BCD403BD1}.Release|Any CPU.Build.0 = Release|Any CPU
	EndGlobalSection
	GlobalSection(SolutionProperties) = preSolution
		HideSolutionNode = FALSE
	EndGlobalSection
	GlobalSection(ExtensibilityGlobals) = postSolution
		SolutionGuid = {1DE224F8-CDAD-4915-9D95-A7502964EEE0}
	EndGlobalSection
EndGlobal
